
Microsoft Visual Studio Solution File, Format Version 12.00
# Visual Studio Version 16
VisualStudioVersion = 16.0.31005.135
MinimumVisualStudioVersion = 10.0.40219.1
Project("{FAE04EC0-301F-11D3-BF4B-00C04F79EFBC}") = "HajosTeszt", "HajosTeszt\HajosTeszt.csproj", "{C8ECEDC5-16B3-47C4-AA53-10125B9118CC}"
EndProject
Global
	GlobalSection(SolutionConfigurationPlatforms) = preSolution
		Debug|Any CPU = Debug|Any CPU
		Release|Any CPU = Release|Any CPU
	EndGlobalSection
	GlobalSection(ProjectConfigurationPlatforms) = postSolution
		{C8ECEDC5-16B3-47C4-AA53-10125B9118CC}.Debug|Any CPU.ActiveCfg = Debug|Any CPU
		{C8ECEDC5-16B3-47C4-AA53-10125B9118CC}.Debug|Any CPU.Build.0 = Debug|Any CPU
		{C8ECEDC5-16B3-47C4-AA53-10125B9118CC}.Release|Any CPU.ActiveCfg = Release|Any CPU
		{C8ECEDC5-16B3-47C4-AA53-10125B9118CC}.Release|Any CPU.Build.0 = Release|Any CPU
	EndGlobalSection
	GlobalSection(SolutionProperties) = preSolution
		HideSolutionNode = FALSE
	EndGlobalSection
	GlobalSection(ExtensibilityGlobals) = postSolution
		SolutionGuid = {5DC2E6E9-FC2F-430D-8750-86E2E3445C24}
	EndGlobalSection
EndGlobal
